
Microsoft Visual Studio Solution File, Format Version 12.00
# Visual Studio Version 17
VisualStudioVersion = 17.2.32519.379
MinimumVisualStudioVersion = 10.0.40219.1
Project("{9A19103F-16F7-4668-BE54-9A1E7A4F7556}") = "GeekPC", "GeekPC\GeekPC.csproj", "{81FB24B2-C5E5-415E-B743-6CFD4EBE8465}"
EndProject
Global
	GlobalSection(SolutionConfigurationPlatforms) = preSolution
		Debug|Any CPU = Debug|Any CPU
		Release|Any CPU = Release|Any CPU
	EndGlobalSection
	GlobalSection(ProjectConfigurationPlatforms) = postSolution
		{81FB24B2-C5E5-415E-B743-6CFD4EBE8465}.Debug|Any CPU.ActiveCfg = Debug|Any CPU
		{81FB24B2-C5E5-415E-B743-6CFD4EBE8465}.Debug|Any CPU.Build.0 = Debug|Any CPU
		{81FB24B2-C5E5-415E-B743-6CFD4EBE8465}.Release|Any CPU.ActiveCfg = Release|Any CPU
		{81FB24B2-C5E5-415E-B743-6CFD4EBE8465}.Release|Any CPU.Build.0 = Release|Any CPU
	EndGlobalSection
	GlobalSection(SolutionProperties) = preSolution
		HideSolutionNode = FALSE
	EndGlobalSection
	GlobalSection(ExtensibilityGlobals) = postSolution
		SolutionGuid = {D8D7830E-0995-441C-AC25-635303A06C3C}
	EndGlobalSection
EndGlobal
